// !$*UTF8*$!
{
	archiveVersion = 1;
	classes = {
	};
	objectVersion = 55;
	objects = {

/* Begin PBXBuildFile section */
		923DC79828BF462400407EEF /* AppDelegate.swift in Sources */ = {isa = PBXBuildFile; fileRef = 923DC79728BF462400407EEF /* AppDelegate.swift */; };
		923DC79A28BF462400407EEF /* SceneDelegate.swift in Sources */ = {isa = PBXBuildFile; fileRef = 923DC79928BF462400407EEF /* SceneDelegate.swift */; };
		923DC79C28BF462400407EEF /* ListViewController.swift in Sources */ = {isa = PBXBuildFile; fileRef = 923DC79B28BF462400407EEF /* ListViewController.swift */; };
		923DC79F28BF462400407EEF /* Main.storyboard in Resources */ = {isa = PBXBuildFile; fileRef = 923DC79D28BF462400407EEF /* Main.storyboard */; };
		923DC7A128BF462500407EEF /* Assets.xcassets in Resources */ = {isa = PBXBuildFile; fileRef = 923DC7A028BF462500407EEF /* Assets.xcassets */; };
		923DC7A428BF462500407EEF /* LaunchScreen.storyboard in Resources */ = {isa = PBXBuildFile; fileRef = 923DC7A228BF462500407EEF /* LaunchScreen.storyboard */; };
		923DC7AD28BF463B00407EEF /* SnapKit in Frameworks */ = {isa = PBXBuildFile; productRef = 923DC7AC28BF463B00407EEF /* SnapKit */; };
		923DC7B028BF464300407EEF /* Then in Frameworks */ = {isa = PBXBuildFile; productRef = 923DC7AF28BF464300407EEF /* Then */; };
		923DC7B928BF473900407EEF /* WalkThroughViewController.swift in Sources */ = {isa = PBXBuildFile; fileRef = 923DC7B828BF473900407EEF /* WalkThroughViewController.swift */; };
		923DC7BE28BF4A6900407EEF /* UIView+Extension.swift in Sources */ = {isa = PBXBuildFile; fileRef = 923DC7BD28BF4A6900407EEF /* UIView+Extension.swift */; };
		923DC7C128BF4B0200407EEF /* BaseViewController.swift in Sources */ = {isa = PBXBuildFile; fileRef = 923DC7C028BF4B0200407EEF /* BaseViewController.swift */; };
		923DC7C328BF4B7900407EEF /* BaseView.swift in Sources */ = {isa = PBXBuildFile; fileRef = 923DC7C228BF4B7900407EEF /* BaseView.swift */; };
		923DC7C528BF4B9600407EEF /* WalkThroughView.swift in Sources */ = {isa = PBXBuildFile; fileRef = 923DC7C428BF4B9600407EEF /* WalkThroughView.swift */; };
		923DC7CB28BF4C9900407EEF /* ListView.swift in Sources */ = {isa = PBXBuildFile; fileRef = 923DC7CA28BF4C9900407EEF /* ListView.swift */; };
		923DC7CD28BF506800407EEF /* ListTableViewCell.swift in Sources */ = {isa = PBXBuildFile; fileRef = 923DC7CC28BF506800407EEF /* ListTableViewCell.swift */; };
		923DC7D028BF50D200407EEF /* ReusableViewProtocol.swift in Sources */ = {isa = PBXBuildFile; fileRef = 923DC7CF28BF50D200407EEF /* ReusableViewProtocol.swift */; };
		923DC7D328BF598F00407EEF /* ListTableViewSection.swift in Sources */ = {isa = PBXBuildFile; fileRef = 923DC7D228BF598F00407EEF /* ListTableViewSection.swift */; };
		923DC7D528C0180800407EEF /* UIColor+Extension.swift in Sources */ = {isa = PBXBuildFile; fileRef = 923DC7D428C0180800407EEF /* UIColor+Extension.swift */; };
		923DC7DA28C01F3D00407EEF /* WriteView.swift in Sources */ = {isa = PBXBuildFile; fileRef = 923DC7D928C01F3D00407EEF /* WriteView.swift */; };
		923DC7DC28C0205900407EEF /* WriteViewController.swift in Sources */ = {isa = PBXBuildFile; fileRef = 923DC7DB28C0205900407EEF /* WriteViewController.swift */; };
		923DC7DE28C0253700407EEF /* ActionSheetType.swift in Sources */ = {isa = PBXBuildFile; fileRef = 923DC7DD28C0253700407EEF /* ActionSheetType.swift */; };
/* End PBXBuildFile section */

/* Begin PBXFileReference section */
		923DC79428BF462400407EEF /* Memo.app */ = {isa = PBXFileReference; explicitFileType = wrapper.application; includeInIndex = 0; path = Memo.app; sourceTree = BUILT_PRODUCTS_DIR; };
		923DC79728BF462400407EEF /* AppDelegate.swift */ = {isa = PBXFileReference; lastKnownFileType = sourcecode.swift; path = AppDelegate.swift; sourceTree = "<group>"; };
		923DC79928BF462400407EEF /* SceneDelegate.swift */ = {isa = PBXFileReference; lastKnownFileType = sourcecode.swift; path = SceneDelegate.swift; sourceTree = "<group>"; };
		923DC79B28BF462400407EEF /* ListViewController.swift */ = {isa = PBXFileReference; lastKnownFileType = sourcecode.swift; path = ListViewController.swift; sourceTree = "<group>"; };
		923DC79E28BF462400407EEF /* Base */ = {isa = PBXFileReference; lastKnownFileType = file.storyboard; name = Base; path = Base.lproj/Main.storyboard; sourceTree = "<group>"; };
		923DC7A028BF462500407EEF /* Assets.xcassets */ = {isa = PBXFileReference; lastKnownFileType = folder.assetcatalog; path = Assets.xcassets; sourceTree = "<group>"; };
		923DC7A328BF462500407EEF /* Base */ = {isa = PBXFileReference; lastKnownFileType = file.storyboard; name = Base; path = Base.lproj/LaunchScreen.storyboard; sourceTree = "<group>"; };
		923DC7A528BF462500407EEF /* Info.plist */ = {isa = PBXFileReference; lastKnownFileType = text.plist.xml; path = Info.plist; sourceTree = "<group>"; };
		923DC7B828BF473900407EEF /* WalkThroughViewController.swift */ = {isa = PBXFileReference; lastKnownFileType = sourcecode.swift; path = WalkThroughViewController.swift; sourceTree = "<group>"; };
		923DC7BD28BF4A6900407EEF /* UIView+Extension.swift */ = {isa = PBXFileReference; lastKnownFileType = sourcecode.swift; path = "UIView+Extension.swift"; sourceTree = "<group>"; };
		923DC7C028BF4B0200407EEF /* BaseViewController.swift */ = {isa = PBXFileReference; lastKnownFileType = sourcecode.swift; path = BaseViewController.swift; sourceTree = "<group>"; };
		923DC7C228BF4B7900407EEF /* BaseView.swift */ = {isa = PBXFileReference; lastKnownFileType = sourcecode.swift; path = BaseView.swift; sourceTree = "<group>"; };
		923DC7C428BF4B9600407EEF /* WalkThroughView.swift */ = {isa = PBXFileReference; lastKnownFileType = sourcecode.swift; path = WalkThroughView.swift; sourceTree = "<group>"; };
		923DC7CA28BF4C9900407EEF /* ListView.swift */ = {isa = PBXFileReference; lastKnownFileType = sourcecode.swift; path = ListView.swift; sourceTree = "<group>"; };
		923DC7CC28BF506800407EEF /* ListTableViewCell.swift */ = {isa = PBXFileReference; lastKnownFileType = sourcecode.swift; path = ListTableViewCell.swift; sourceTree = "<group>"; };
		923DC7CF28BF50D200407EEF /* ReusableViewProtocol.swift */ = {isa = PBXFileReference; lastKnownFileType = sourcecode.swift; path = ReusableViewProtocol.swift; sourceTree = "<group>"; };
		923DC7D228BF598F00407EEF /* ListTableViewSection.swift */ = {isa = PBXFileReference; lastKnownFileType = sourcecode.swift; path = ListTableViewSection.swift; sourceTree = "<group>"; };
		923DC7D428C0180800407EEF /* UIColor+Extension.swift */ = {isa = PBXFileReference; lastKnownFileType = sourcecode.swift; path = "UIColor+Extension.swift"; sourceTree = "<group>"; };
		923DC7D928C01F3D00407EEF /* WriteView.swift */ = {isa = PBXFileReference; lastKnownFileType = sourcecode.swift; path = WriteView.swift; sourceTree = "<group>"; };
		923DC7DB28C0205900407EEF /* WriteViewController.swift */ = {isa = PBXFileReference; lastKnownFileType = sourcecode.swift; path = WriteViewController.swift; sourceTree = "<group>"; };
		923DC7DD28C0253700407EEF /* ActionSheetType.swift */ = {isa = PBXFileReference; lastKnownFileType = sourcecode.swift; path = ActionSheetType.swift; sourceTree = "<group>"; };
/* End PBXFileReference section */

/* Begin PBXFrameworksBuildPhase section */
		923DC79128BF462400407EEF /* Frameworks */ = {
			isa = PBXFrameworksBuildPhase;
			buildActionMask = 2147483647;
			files = (
				923DC7AD28BF463B00407EEF /* SnapKit in Frameworks */,
				923DC7B028BF464300407EEF /* Then in Frameworks */,
			);
			runOnlyForDeploymentPostprocessing = 0;
		};
/* End PBXFrameworksBuildPhase section */

/* Begin PBXGroup section */
		923DC78B28BF462400407EEF = {
			isa = PBXGroup;
			children = (
				923DC79628BF462400407EEF /* Memo */,
				923DC79528BF462400407EEF /* Products */,
			);
			sourceTree = "<group>";
		};
		923DC79528BF462400407EEF /* Products */ = {
			isa = PBXGroup;
			children = (
				923DC79428BF462400407EEF /* Memo.app */,
			);
			name = Products;
			sourceTree = "<group>";
		};
		923DC79628BF462400407EEF /* Memo */ = {
			isa = PBXGroup;
			children = (
				923DC7BA28BF4A4D00407EEF /* Global */,
				923DC7B528BF470200407EEF /* Screen */,
				923DC7B128BF46E600407EEF /* Resource */,
			);
			path = Memo;
			sourceTree = "<group>";
		};
		923DC7B128BF46E600407EEF /* Resource */ = {
			isa = PBXGroup;
			children = (
				923DC7B428BF46FC00407EEF /* Asset */,
				923DC7B328BF46F500407EEF /* Storyboard */,
				923DC7B228BF46ED00407EEF /* Support */,
			);
			path = Resource;
			sourceTree = "<group>";
		};
		923DC7B228BF46ED00407EEF /* Support */ = {
			isa = PBXGroup;
			children = (
				923DC79728BF462400407EEF /* AppDelegate.swift */,
				923DC79928BF462400407EEF /* SceneDelegate.swift */,
				923DC7A528BF462500407EEF /* Info.plist */,
			);
			path = Support;
			sourceTree = "<group>";
		};
		923DC7B328BF46F500407EEF /* Storyboard */ = {
			isa = PBXGroup;
			children = (
				923DC79D28BF462400407EEF /* Main.storyboard */,
				923DC7A228BF462500407EEF /* LaunchScreen.storyboard */,
			);
			path = Storyboard;
			sourceTree = "<group>";
		};
		923DC7B428BF46FC00407EEF /* Asset */ = {
			isa = PBXGroup;
			children = (
				923DC7A028BF462500407EEF /* Assets.xcassets */,
			);
			path = Asset;
			sourceTree = "<group>";
		};
		923DC7B528BF470200407EEF /* Screen */ = {
			isa = PBXGroup;
			children = (
				923DC7D628C01F2900407EEF /* Write */,
				923DC7B728BF470E00407EEF /* WalkThrough */,
				923DC7B628BF470A00407EEF /* List */,
			);
			path = Screen;
			sourceTree = "<group>";
		};
		923DC7B628BF470A00407EEF /* List */ = {
			isa = PBXGroup;
			children = (
				923DC7D128BF598000407EEF /* Model */,
				923DC7C928BF4C7600407EEF /* View */,
				923DC7C828BF4C7100407EEF /* Controller */,
			);
			path = List;
			sourceTree = "<group>";
		};
		923DC7B728BF470E00407EEF /* WalkThrough */ = {
			isa = PBXGroup;
			children = (
				923DC7C728BF4C5800407EEF /* View */,
				923DC7C628BF4C5400407EEF /* Controller */,
			);
			path = WalkThrough;
			sourceTree = "<group>";
		};
		923DC7BA28BF4A4D00407EEF /* Global */ = {
			isa = PBXGroup;
			children = (
				923DC7CE28BF50C500407EEF /* Protocol */,
				923DC7BF28BF4AF600407EEF /* Utility */,
				923DC7BC28BF4A5600407EEF /* Constant */,
				923DC7BB28BF4A5100407EEF /* Extension */,
			);
			path = Global;
			sourceTree = "<group>";
		};
		923DC7BB28BF4A5100407EEF /* Extension */ = {
			isa = PBXGroup;
			children = (
				923DC7BD28BF4A6900407EEF /* UIView+Extension.swift */,
				923DC7D428C0180800407EEF /* UIColor+Extension.swift */,
			);
			path = Extension;
			sourceTree = "<group>";
		};
		923DC7BC28BF4A5600407EEF /* Constant */ = {
			isa = PBXGroup;
			children = (
			);
			path = Constant;
			sourceTree = "<group>";
		};
		923DC7BF28BF4AF600407EEF /* Utility */ = {
			isa = PBXGroup;
			children = (
				923DC7C028BF4B0200407EEF /* BaseViewController.swift */,
				923DC7C228BF4B7900407EEF /* BaseView.swift */,
			);
			path = Utility;
			sourceTree = "<group>";
		};
		923DC7C628BF4C5400407EEF /* Controller */ = {
			isa = PBXGroup;
			children = (
				923DC7B828BF473900407EEF /* WalkThroughViewController.swift */,
			);
			path = Controller;
			sourceTree = "<group>";
		};
		923DC7C728BF4C5800407EEF /* View */ = {
			isa = PBXGroup;
			children = (
				923DC7C428BF4B9600407EEF /* WalkThroughView.swift */,
			);
			path = View;
			sourceTree = "<group>";
		};
		923DC7C828BF4C7100407EEF /* Controller */ = {
			isa = PBXGroup;
			children = (
				923DC79B28BF462400407EEF /* ListViewController.swift */,
			);
			path = Controller;
			sourceTree = "<group>";
		};
		923DC7C928BF4C7600407EEF /* View */ = {
			isa = PBXGroup;
			children = (
				923DC7CA28BF4C9900407EEF /* ListView.swift */,
				923DC7CC28BF506800407EEF /* ListTableViewCell.swift */,
			);
			path = View;
			sourceTree = "<group>";
		};
		923DC7CE28BF50C500407EEF /* Protocol */ = {
			isa = PBXGroup;
			children = (
				923DC7CF28BF50D200407EEF /* ReusableViewProtocol.swift */,
			);
			path = Protocol;
			sourceTree = "<group>";
		};
		923DC7D128BF598000407EEF /* Model */ = {
			isa = PBXGroup;
			children = (
				923DC7D228BF598F00407EEF /* ListTableViewSection.swift */,
				923DC7DD28C0253700407EEF /* ActionSheetType.swift */,
			);
			path = Model;
			sourceTree = "<group>";
		};
		923DC7D628C01F2900407EEF /* Write */ = {
			isa = PBXGroup;
			children = (
				923DC7D828C01F3500407EEF /* View */,
				923DC7D728C01F3100407EEF /* Controller */,
			);
			path = Write;
			sourceTree = "<group>";
		};
		923DC7D728C01F3100407EEF /* Controller */ = {
			isa = PBXGroup;
			children = (
				923DC7DB28C0205900407EEF /* WriteViewController.swift */,
			);
			path = Controller;
			sourceTree = "<group>";
		};
		923DC7D828C01F3500407EEF /* View */ = {
			isa = PBXGroup;
			children = (
				923DC7D928C01F3D00407EEF /* WriteView.swift */,
			);
			path = View;
			sourceTree = "<group>";
		};
/* End PBXGroup section */

/* Begin PBXNativeTarget section */
		923DC79328BF462400407EEF /* Memo */ = {
			isa = PBXNativeTarget;
			buildConfigurationList = 923DC7A828BF462500407EEF /* Build configuration list for PBXNativeTarget "Memo" */;
			buildPhases = (
				923DC79028BF462400407EEF /* Sources */,
				923DC79128BF462400407EEF /* Frameworks */,
				923DC79228BF462400407EEF /* Resources */,
			);
			buildRules = (
			);
			dependencies = (
			);
			name = Memo;
			packageProductDependencies = (
				923DC7AC28BF463B00407EEF /* SnapKit */,
				923DC7AF28BF464300407EEF /* Then */,
			);
			productName = Memo;
			productReference = 923DC79428BF462400407EEF /* Memo.app */;
			productType = "com.apple.product-type.application";
		};
/* End PBXNativeTarget section */

/* Begin PBXProject section */
		923DC78C28BF462400407EEF /* Project object */ = {
			isa = PBXProject;
			attributes = {
				BuildIndependentTargetsInParallel = 1;
				LastSwiftUpdateCheck = 1340;
				LastUpgradeCheck = 1340;
				TargetAttributes = {
					923DC79328BF462400407EEF = {
						CreatedOnToolsVersion = 13.4.1;
					};
				};
			};
			buildConfigurationList = 923DC78F28BF462400407EEF /* Build configuration list for PBXProject "Memo" */;
			compatibilityVersion = "Xcode 13.0";
			developmentRegion = en;
			hasScannedForEncodings = 0;
			knownRegions = (
				en,
				Base,
			);
			mainGroup = 923DC78B28BF462400407EEF;
			packageReferences = (
				923DC7AB28BF463B00407EEF /* XCRemoteSwiftPackageReference "SnapKit" */,
				923DC7AE28BF464300407EEF /* XCRemoteSwiftPackageReference "Then" */,
			);
			productRefGroup = 923DC79528BF462400407EEF /* Products */;
			projectDirPath = "";
			projectRoot = "";
			targets = (
				923DC79328BF462400407EEF /* Memo */,
			);
		};
/* End PBXProject section */

/* Begin PBXResourcesBuildPhase section */
		923DC79228BF462400407EEF /* Resources */ = {
			isa = PBXResourcesBuildPhase;
			buildActionMask = 2147483647;
			files = (
				923DC7A428BF462500407EEF /* LaunchScreen.storyboard in Resources */,
				923DC7A128BF462500407EEF /* Assets.xcassets in Resources */,
				923DC79F28BF462400407EEF /* Main.storyboard in Resources */,
			);
			runOnlyForDeploymentPostprocessing = 0;
		};
/* End PBXResourcesBuildPhase section */

/* Begin PBXSourcesBuildPhase section */
		923DC79028BF462400407EEF /* Sources */ = {
			isa = PBXSourcesBuildPhase;
			buildActionMask = 2147483647;
			files = (
				923DC79C28BF462400407EEF /* ListViewController.swift in Sources */,
				923DC7D328BF598F00407EEF /* ListTableViewSection.swift in Sources */,
				923DC7CB28BF4C9900407EEF /* ListView.swift in Sources */,
				923DC7B928BF473900407EEF /* WalkThroughViewController.swift in Sources */,
				923DC79828BF462400407EEF /* AppDelegate.swift in Sources */,
				923DC7C528BF4B9600407EEF /* WalkThroughView.swift in Sources */,
				923DC7DA28C01F3D00407EEF /* WriteView.swift in Sources */,
				923DC7BE28BF4A6900407EEF /* UIView+Extension.swift in Sources */,
				923DC7C328BF4B7900407EEF /* BaseView.swift in Sources */,
				923DC7DE28C0253700407EEF /* ActionSheetType.swift in Sources */,
				923DC79A28BF462400407EEF /* SceneDelegate.swift in Sources */,
				923DC7DC28C0205900407EEF /* WriteViewController.swift in Sources */,
				923DC7C128BF4B0200407EEF /* BaseViewController.swift in Sources */,
				923DC7D528C0180800407EEF /* UIColor+Extension.swift in Sources */,
				923DC7D028BF50D200407EEF /* ReusableViewProtocol.swift in Sources */,
				923DC7CD28BF506800407EEF /* ListTableViewCell.swift in Sources */,
			);
			runOnlyForDeploymentPostprocessing = 0;
		};
/* End PBXSourcesBuildPhase section */

/* Begin PBXVariantGroup section */
		923DC79D28BF462400407EEF /* Main.storyboard */ = {
			isa = PBXVariantGroup;
			children = (
				923DC79E28BF462400407EEF /* Base */,
			);
			name = Main.storyboard;
			sourceTree = "<group>";
		};
		923DC7A228BF462500407EEF /* LaunchScreen.storyboard */ = {
			isa = PBXVariantGroup;
			children = (
				923DC7A328BF462500407EEF /* Base */,
			);
			name = LaunchScreen.storyboard;
			sourceTree = "<group>";
		};
/* End PBXVariantGroup section */

/* Begin XCBuildConfiguration section */
		923DC7A628BF462500407EEF /* Debug */ = {
			isa = XCBuildConfiguration;
			buildSettings = {
				ALWAYS_SEARCH_USER_PATHS = NO;
				CLANG_ANALYZER_NONNULL = YES;
				CLANG_ANALYZER_NUMBER_OBJECT_CONVERSION = YES_AGGRESSIVE;
				CLANG_CXX_LANGUAGE_STANDARD = "gnu++17";
				CLANG_ENABLE_MODULES = YES;
				CLANG_ENABLE_OBJC_ARC = YES;
				CLANG_ENABLE_OBJC_WEAK = YES;
				CLANG_WARN_BLOCK_CAPTURE_AUTORELEASING = YES;
				CLANG_WARN_BOOL_CONVERSION = YES;
				CLANG_WARN_COMMA = YES;
				CLANG_WARN_CONSTANT_CONVERSION = YES;
				CLANG_WARN_DEPRECATED_OBJC_IMPLEMENTATIONS = YES;
				CLANG_WARN_DIRECT_OBJC_ISA_USAGE = YES_ERROR;
				CLANG_WARN_DOCUMENTATION_COMMENTS = YES;
				CLANG_WARN_EMPTY_BODY = YES;
				CLANG_WARN_ENUM_CONVERSION = YES;
				CLANG_WARN_INFINITE_RECURSION = YES;
				CLANG_WARN_INT_CONVERSION = YES;
				CLANG_WARN_NON_LITERAL_NULL_CONVERSION = YES;
				CLANG_WARN_OBJC_IMPLICIT_RETAIN_SELF = YES;
				CLANG_WARN_OBJC_LITERAL_CONVERSION = YES;
				CLANG_WARN_OBJC_ROOT_CLASS = YES_ERROR;
				CLANG_WARN_QUOTED_INCLUDE_IN_FRAMEWORK_HEADER = YES;
				CLANG_WARN_RANGE_LOOP_ANALYSIS = YES;
				CLANG_WARN_STRICT_PROTOTYPES = YES;
				CLANG_WARN_SUSPICIOUS_MOVE = YES;
				CLANG_WARN_UNGUARDED_AVAILABILITY = YES_AGGRESSIVE;
				CLANG_WARN_UNREACHABLE_CODE = YES;
				CLANG_WARN__DUPLICATE_METHOD_MATCH = YES;
				COPY_PHASE_STRIP = NO;
				DEBUG_INFORMATION_FORMAT = dwarf;
				ENABLE_STRICT_OBJC_MSGSEND = YES;
				ENABLE_TESTABILITY = YES;
				GCC_C_LANGUAGE_STANDARD = gnu11;
				GCC_DYNAMIC_NO_PIC = NO;
				GCC_NO_COMMON_BLOCKS = YES;
				GCC_OPTIMIZATION_LEVEL = 0;
				GCC_PREPROCESSOR_DEFINITIONS = (
					"DEBUG=1",
					"$(inherited)",
				);
				GCC_WARN_64_TO_32_BIT_CONVERSION = YES;
				GCC_WARN_ABOUT_RETURN_TYPE = YES_ERROR;
				GCC_WARN_UNDECLARED_SELECTOR = YES;
				GCC_WARN_UNINITIALIZED_AUTOS = YES_AGGRESSIVE;
				GCC_WARN_UNUSED_FUNCTION = YES;
				GCC_WARN_UNUSED_VARIABLE = YES;
				IPHONEOS_DEPLOYMENT_TARGET = 15.5;
				MTL_ENABLE_DEBUG_INFO = INCLUDE_SOURCE;
				MTL_FAST_MATH = YES;
				ONLY_ACTIVE_ARCH = YES;
				SDKROOT = iphoneos;
				SWIFT_ACTIVE_COMPILATION_CONDITIONS = DEBUG;
				SWIFT_OPTIMIZATION_LEVEL = "-Onone";
			};
			name = Debug;
		};
		923DC7A728BF462500407EEF /* Release */ = {
			isa = XCBuildConfiguration;
			buildSettings = {
				ALWAYS_SEARCH_USER_PATHS = NO;
				CLANG_ANALYZER_NONNULL = YES;
				CLANG_ANALYZER_NUMBER_OBJECT_CONVERSION = YES_AGGRESSIVE;
				CLANG_CXX_LANGUAGE_STANDARD = "gnu++17";
				CLANG_ENABLE_MODULES = YES;
				CLANG_ENABLE_OBJC_ARC = YES;
				CLANG_ENABLE_OBJC_WEAK = YES;
				CLANG_WARN_BLOCK_CAPTURE_AUTORELEASING = YES;
				CLANG_WARN_BOOL_CONVERSION = YES;
				CLANG_WARN_COMMA = YES;
				CLANG_WARN_CONSTANT_CONVERSION = YES;
				CLANG_WARN_DEPRECATED_OBJC_IMPLEMENTATIONS = YES;
				CLANG_WARN_DIRECT_OBJC_ISA_USAGE = YES_ERROR;
				CLANG_WARN_DOCUMENTATION_COMMENTS = YES;
				CLANG_WARN_EMPTY_BODY = YES;
				CLANG_WARN_ENUM_CONVERSION = YES;
				CLANG_WARN_INFINITE_RECURSION = YES;
				CLANG_WARN_INT_CONVERSION = YES;
				CLANG_WARN_NON_LITERAL_NULL_CONVERSION = YES;
				CLANG_WARN_OBJC_IMPLICIT_RETAIN_SELF = YES;
				CLANG_WARN_OBJC_LITERAL_CONVERSION = YES;
				CLANG_WARN_OBJC_ROOT_CLASS = YES_ERROR;
				CLANG_WARN_QUOTED_INCLUDE_IN_FRAMEWORK_HEADER = YES;
				CLANG_WARN_RANGE_LOOP_ANALYSIS = YES;
				CLANG_WARN_STRICT_PROTOTYPES = YES;
				CLANG_WARN_SUSPICIOUS_MOVE = YES;
				CLANG_WARN_UNGUARDED_AVAILABILITY = YES_AGGRESSIVE;
				CLANG_WARN_UNREACHABLE_CODE = YES;
				CLANG_WARN__DUPLICATE_METHOD_MATCH = YES;
				COPY_PHASE_STRIP = NO;
				DEBUG_INFORMATION_FORMAT = "dwarf-with-dsym";
				ENABLE_NS_ASSERTIONS = NO;
				ENABLE_STRICT_OBJC_MSGSEND = YES;
				GCC_C_LANGUAGE_STANDARD = gnu11;
				GCC_NO_COMMON_BLOCKS = YES;
				GCC_WARN_64_TO_32_BIT_CONVERSION = YES;
				GCC_WARN_ABOUT_RETURN_TYPE = YES_ERROR;
				GCC_WARN_UNDECLARED_SELECTOR = YES;
				GCC_WARN_UNINITIALIZED_AUTOS = YES_AGGRESSIVE;
				GCC_WARN_UNUSED_FUNCTION = YES;
				GCC_WARN_UNUSED_VARIABLE = YES;
				IPHONEOS_DEPLOYMENT_TARGET = 15.5;
				MTL_ENABLE_DEBUG_INFO = NO;
				MTL_FAST_MATH = YES;
				SDKROOT = iphoneos;
				SWIFT_COMPILATION_MODE = wholemodule;
				SWIFT_OPTIMIZATION_LEVEL = "-O";
				VALIDATE_PRODUCT = YES;
			};
			name = Release;
		};
		923DC7A928BF462500407EEF /* Debug */ = {
			isa = XCBuildConfiguration;
			buildSettings = {
				ASSETCATALOG_COMPILER_APPICON_NAME = AppIcon;
				ASSETCATALOG_COMPILER_GLOBAL_ACCENT_COLOR_NAME = AccentColor;
				CODE_SIGN_STYLE = Automatic;
				CURRENT_PROJECT_VERSION = 1;
				DEVELOPMENT_TEAM = PU64TS56AD;
				GENERATE_INFOPLIST_FILE = YES;
				INFOPLIST_FILE = Memo/Resource/Support/Info.plist;
				INFOPLIST_KEY_UIApplicationSupportsIndirectInputEvents = YES;
				INFOPLIST_KEY_UILaunchStoryboardName = LaunchScreen;
				INFOPLIST_KEY_UIMainStoryboardFile = Main;
				INFOPLIST_KEY_UISupportedInterfaceOrientations_iPad = "UIInterfaceOrientationPortrait UIInterfaceOrientationPortraitUpsideDown UIInterfaceOrientationLandscapeLeft UIInterfaceOrientationLandscapeRight";
				INFOPLIST_KEY_UISupportedInterfaceOrientations_iPhone = "UIInterfaceOrientationPortrait UIInterfaceOrientationLandscapeLeft UIInterfaceOrientationLandscapeRight";
				LD_RUNPATH_SEARCH_PATHS = (
					"$(inherited)",
					"@executable_path/Frameworks",
				);
				MARKETING_VERSION = 1.0;
				PRODUCT_BUNDLE_IDENTIFIER = soyeon.Memo;
				PRODUCT_NAME = "$(TARGET_NAME)";
				SWIFT_EMIT_LOC_STRINGS = YES;
				SWIFT_VERSION = 5.0;
				TARGETED_DEVICE_FAMILY = "1,2";
			};
			name = Debug;
		};
		923DC7AA28BF462500407EEF /* Release */ = {
			isa = XCBuildConfiguration;
			buildSettings = {
				ASSETCATALOG_COMPILER_APPICON_NAME = AppIcon;
				ASSETCATALOG_COMPILER_GLOBAL_ACCENT_COLOR_NAME = AccentColor;
				CODE_SIGN_STYLE = Automatic;
				CURRENT_PROJECT_VERSION = 1;
				DEVELOPMENT_TEAM = PU64TS56AD;
				GENERATE_INFOPLIST_FILE = YES;
				INFOPLIST_FILE = Memo/Resource/Support/Info.plist;
				INFOPLIST_KEY_UIApplicationSupportsIndirectInputEvents = YES;
				INFOPLIST_KEY_UILaunchStoryboardName = LaunchScreen;
				INFOPLIST_KEY_UIMainStoryboardFile = Main;
				INFOPLIST_KEY_UISupportedInterfaceOrientations_iPad = "UIInterfaceOrientationPortrait UIInterfaceOrientationPortraitUpsideDown UIInterfaceOrientationLandscapeLeft UIInterfaceOrientationLandscapeRight";
				INFOPLIST_KEY_UISupportedInterfaceOrientations_iPhone = "UIInterfaceOrientationPortrait UIInterfaceOrientationLandscapeLeft UIInterfaceOrientationLandscapeRight";
				LD_RUNPATH_SEARCH_PATHS = (
					"$(inherited)",
					"@executable_path/Frameworks",
				);
				MARKETING_VERSION = 1.0;
				PRODUCT_BUNDLE_IDENTIFIER = soyeon.Memo;
				PRODUCT_NAME = "$(TARGET_NAME)";
				SWIFT_EMIT_LOC_STRINGS = YES;
				SWIFT_VERSION = 5.0;
				TARGETED_DEVICE_FAMILY = "1,2";
			};
			name = Release;
		};
/* End XCBuildConfiguration section */

/* Begin XCConfigurationList section */
		923DC78F28BF462400407EEF /* Build configuration list for PBXProject "Memo" */ = {
			isa = XCConfigurationList;
			buildConfigurations = (
				923DC7A628BF462500407EEF /* Debug */,
				923DC7A728BF462500407EEF /* Release */,
			);
			defaultConfigurationIsVisible = 0;
			defaultConfigurationName = Release;
		};
		923DC7A828BF462500407EEF /* Build configuration list for PBXNativeTarget "Memo" */ = {
			isa = XCConfigurationList;
			buildConfigurations = (
				923DC7A928BF462500407EEF /* Debug */,
				923DC7AA28BF462500407EEF /* Release */,
			);
			defaultConfigurationIsVisible = 0;
			defaultConfigurationName = Release;
		};
/* End XCConfigurationList section */

/* Begin XCRemoteSwiftPackageReference section */
		923DC7AB28BF463B00407EEF /* XCRemoteSwiftPackageReference "SnapKit" */ = {
			isa = XCRemoteSwiftPackageReference;
			repositoryURL = "https://github.com/SnapKit/SnapKit.git";
			requirement = {
				branch = develop;
				kind = branch;
			};
		};
		923DC7AE28BF464300407EEF /* XCRemoteSwiftPackageReference "Then" */ = {
			isa = XCRemoteSwiftPackageReference;
			repositoryURL = "https://github.com/devxoul/Then";
			requirement = {
				branch = master;
				kind = branch;
			};
		};
/* End XCRemoteSwiftPackageReference section */

/* Begin XCSwiftPackageProductDependency section */
		923DC7AC28BF463B00407EEF /* SnapKit */ = {
			isa = XCSwiftPackageProductDependency;
			package = 923DC7AB28BF463B00407EEF /* XCRemoteSwiftPackageReference "SnapKit" */;
			productName = SnapKit;
		};
		923DC7AF28BF464300407EEF /* Then */ = {
			isa = XCSwiftPackageProductDependency;
			package = 923DC7AE28BF464300407EEF /* XCRemoteSwiftPackageReference "Then" */;
			productName = Then;
		};
/* End XCSwiftPackageProductDependency section */
	};
	rootObject = 923DC78C28BF462400407EEF /* Project object */;
}
